// !$*UTF8*$!
{
	archiveVersion = 1;
	classes = {
	};
	objectVersion = 50;
	objects = {

/* Begin PBXBuildFile section */
		1373A5DFD21D3FA814B252FD /* Pods_GuruFind.framework in Frameworks */ = {isa = PBXBuildFile; fileRef = ADEBE69773B28A8E30FDAF19 /* Pods_GuruFind.framework */; };
		210858A920D62337007EDB89 /* TableViewController.swift in Sources */ = {isa = PBXBuildFile; fileRef = 210858A820D62337007EDB89 /* TableViewController.swift */; };
		210858AB20D623D5007EDB89 /* TableViewCell.swift in Sources */ = {isa = PBXBuildFile; fileRef = 210858AA20D623D5007EDB89 /* TableViewCell.swift */; };
		210858AD20D625A1007EDB89 /* noImage.png in Resources */ = {isa = PBXBuildFile; fileRef = 210858AC20D625A1007EDB89 /* noImage.png */; };
		210858AF20D6281E007EDB89 /* DetailViewController.swift in Sources */ = {isa = PBXBuildFile; fileRef = 210858AE20D6281E007EDB89 /* DetailViewController.swift */; };
		210858B120D641C9007EDB89 /* Structs.swift in Sources */ = {isa = PBXBuildFile; fileRef = 210858B020D641C9007EDB89 /* Structs.swift */; };
		2135B02320D3B6AB0004C0BC /* AppDelegate.swift in Sources */ = {isa = PBXBuildFile; fileRef = 2135B02220D3B6AB0004C0BC /* AppDelegate.swift */; };
		2135B02520D3B6AB0004C0BC /* ViewController.swift in Sources */ = {isa = PBXBuildFile; fileRef = 2135B02420D3B6AB0004C0BC /* ViewController.swift */; };
		2135B02820D3B6AB0004C0BC /* Main.storyboard in Resources */ = {isa = PBXBuildFile; fileRef = 2135B02620D3B6AB0004C0BC /* Main.storyboard */; };
		2135B02A20D3B6AD0004C0BC /* Assets.xcassets in Resources */ = {isa = PBXBuildFile; fileRef = 2135B02920D3B6AD0004C0BC /* Assets.xcassets */; };
		2135B02D20D3B6AD0004C0BC /* LaunchScreen.storyboard in Resources */ = {isa = PBXBuildFile; fileRef = 2135B02B20D3B6AD0004C0BC /* LaunchScreen.storyboard */; };
/* End PBXBuildFile section */

/* Begin PBXFileReference section */
		210858A820D62337007EDB89 /* TableViewController.swift */ = {isa = PBXFileReference; lastKnownFileType = sourcecode.swift; path = TableViewController.swift; sourceTree = "<group>"; };
		210858AA20D623D5007EDB89 /* TableViewCell.swift */ = {isa = PBXFileReference; lastKnownFileType = sourcecode.swift; path = TableViewCell.swift; sourceTree = "<group>"; };
		210858AC20D625A1007EDB89 /* noImage.png */ = {isa = PBXFileReference; lastKnownFileType = image.png; path = noImage.png; sourceTree = "<group>"; };
		210858AE20D6281E007EDB89 /* DetailViewController.swift */ = {isa = PBXFileReference; lastKnownFileType = sourcecode.swift; path = DetailViewController.swift; sourceTree = "<group>"; };
		210858B020D641C9007EDB89 /* Structs.swift */ = {isa = PBXFileReference; lastKnownFileType = sourcecode.swift; path = Structs.swift; sourceTree = "<group>"; };
		2135B01F20D3B6AB0004C0BC /* GuruFind.app */ = {isa = PBXFileReference; explicitFileType = wrapper.application; includeInIndex = 0; path = GuruFind.app; sourceTree = BUILT_PRODUCTS_DIR; };
		2135B02220D3B6AB0004C0BC /* AppDelegate.swift */ = {isa = PBXFileReference; lastKnownFileType = sourcecode.swift; path = AppDelegate.swift; sourceTree = "<group>"; };
		2135B02420D3B6AB0004C0BC /* ViewController.swift */ = {isa = PBXFileReference; lastKnownFileType = sourcecode.swift; path = ViewController.swift; sourceTree = "<group>"; };
		2135B02720D3B6AB0004C0BC /* Base */ = {isa = PBXFileReference; lastKnownFileType = file.storyboard; name = Base; path = Base.lproj/Main.storyboard; sourceTree = "<group>"; };
		2135B02920D3B6AD0004C0BC /* Assets.xcassets */ = {isa = PBXFileReference; lastKnownFileType = folder.assetcatalog; path = Assets.xcassets; sourceTree = "<group>"; };
		2135B02C20D3B6AD0004C0BC /* Base */ = {isa = PBXFileReference; lastKnownFileType = file.storyboard; name = Base; path = Base.lproj/LaunchScreen.storyboard; sourceTree = "<group>"; };
		2135B02E20D3B6AD0004C0BC /* Info.plist */ = {isa = PBXFileReference; lastKnownFileType = text.plist.xml; path = Info.plist; sourceTree = "<group>"; };
		262BC4FF79C465C1DD80992C /* Pods-GuruFind.debug.xcconfig */ = {isa = PBXFileReference; includeInIndex = 1; lastKnownFileType = text.xcconfig; name = "Pods-GuruFind.debug.xcconfig"; path = "Pods/Target Support Files/Pods-GuruFind/Pods-GuruFind.debug.xcconfig"; sourceTree = "<group>"; };
		3B12649EA74623A628545F2B /* Pods-GuruFind.release.xcconfig */ = {isa = PBXFileReference; includeInIndex = 1; lastKnownFileType = text.xcconfig; name = "Pods-GuruFind.release.xcconfig"; path = "Pods/Target Support Files/Pods-GuruFind/Pods-GuruFind.release.xcconfig"; sourceTree = "<group>"; };
		ADEBE69773B28A8E30FDAF19 /* Pods_GuruFind.framework */ = {isa = PBXFileReference; explicitFileType = wrapper.framework; includeInIndex = 0; path = Pods_GuruFind.framework; sourceTree = BUILT_PRODUCTS_DIR; };
/* End PBXFileReference section */

/* Begin PBXFrameworksBuildPhase section */
		2135B01C20D3B6AB0004C0BC /* Frameworks */ = {
			isa = PBXFrameworksBuildPhase;
			buildActionMask = 2147483647;
			files = (
				1373A5DFD21D3FA814B252FD /* Pods_GuruFind.framework in Frameworks */,
			);
			runOnlyForDeploymentPostprocessing = 0;
		};
/* End PBXFrameworksBuildPhase section */

/* Begin PBXGroup section */
		2135B01620D3B6AB0004C0BC = {
			isa = PBXGroup;
			children = (
				2135B02120D3B6AB0004C0BC /* GuruFind */,
				2135B02020D3B6AB0004C0BC /* Products */,
				93E571615CE59A0C733687D9 /* Pods */,
				5C26F1B55168D968901CEBF5 /* Frameworks */,
			);
			sourceTree = "<group>";
		};
		2135B02020D3B6AB0004C0BC /* Products */ = {
			isa = PBXGroup;
			children = (
				2135B01F20D3B6AB0004C0BC /* GuruFind.app */,
			);
			name = Products;
			sourceTree = "<group>";
		};
		2135B02120D3B6AB0004C0BC /* GuruFind */ = {
			isa = PBXGroup;
			children = (
				210858AC20D625A1007EDB89 /* noImage.png */,
				2135B02220D3B6AB0004C0BC /* AppDelegate.swift */,
				2135B02420D3B6AB0004C0BC /* ViewController.swift */,
				210858A820D62337007EDB89 /* TableViewController.swift */,
				210858AE20D6281E007EDB89 /* DetailViewController.swift */,
				210858AA20D623D5007EDB89 /* TableViewCell.swift */,
				210858B020D641C9007EDB89 /* Structs.swift */,
				2135B02620D3B6AB0004C0BC /* Main.storyboard */,
				2135B02920D3B6AD0004C0BC /* Assets.xcassets */,
				2135B02B20D3B6AD0004C0BC /* LaunchScreen.storyboard */,
				2135B02E20D3B6AD0004C0BC /* Info.plist */,
			);
			path = GuruFind;
			sourceTree = "<group>";
		};
		5C26F1B55168D968901CEBF5 /* Frameworks */ = {
			isa = PBXGroup;
			children = (
				ADEBE69773B28A8E30FDAF19 /* Pods_GuruFind.framework */,
			);
			name = Frameworks;
			sourceTree = "<group>";
		};
		93E571615CE59A0C733687D9 /* Pods */ = {
			isa = PBXGroup;
			children = (
				262BC4FF79C465C1DD80992C /* Pods-GuruFind.debug.xcconfig */,
				3B12649EA74623A628545F2B /* Pods-GuruFind.release.xcconfig */,
			);
			name = Pods;
			sourceTree = "<group>";
		};
/* End PBXGroup section */

/* Begin PBXNativeTarget section */
		2135B01E20D3B6AB0004C0BC /* GuruFind */ = {
			isa = PBXNativeTarget;
			buildConfigurationList = 2135B03120D3B6AD0004C0BC /* Build configuration list for PBXNativeTarget "GuruFind" */;
			buildPhases = (
				27C62F58D69CE77D2C16B153 /* [CP] Check Pods Manifest.lock */,
				2135B01B20D3B6AB0004C0BC /* Sources */,
				2135B01C20D3B6AB0004C0BC /* Frameworks */,
				2135B01D20D3B6AB0004C0BC /* Resources */,
				998C38AEE9B0F03478655643 /* [CP] Embed Pods Frameworks */,
			);
			buildRules = (
			);
			dependencies = (
			);
			name = GuruFind;
			productName = GuruFind;
			productReference = 2135B01F20D3B6AB0004C0BC /* GuruFind.app */;
			productType = "com.apple.product-type.application";
		};
/* End PBXNativeTarget section */

/* Begin PBXProject section */
		2135B01720D3B6AB0004C0BC /* Project object */ = {
			isa = PBXProject;
			attributes = {
				LastSwiftUpdateCheck = 0940;
				LastUpgradeCheck = 0940;
				ORGANIZATIONNAME = Kosuke.Nishimura;
				TargetAttributes = {
					2135B01E20D3B6AB0004C0BC = {
						CreatedOnToolsVersion = 9.4.1;
					};
				};
			};
			buildConfigurationList = 2135B01A20D3B6AB0004C0BC /* Build configuration list for PBXProject "GuruFind" */;
			compatibilityVersion = "Xcode 9.3";
			developmentRegion = en;
			hasScannedForEncodings = 0;
			knownRegions = (
				en,
				Base,
			);
			mainGroup = 2135B01620D3B6AB0004C0BC;
			productRefGroup = 2135B02020D3B6AB0004C0BC /* Products */;
			projectDirPath = "";
			projectRoot = "";
			targets = (
				2135B01E20D3B6AB0004C0BC /* GuruFind */,
			);
		};
/* End PBXProject section */

/* Begin PBXResourcesBuildPhase section */
		2135B01D20D3B6AB0004C0BC /* Resources */ = {
			isa = PBXResourcesBuildPhase;
			buildActionMask = 2147483647;
			files = (
				2135B02D20D3B6AD0004C0BC /* LaunchScreen.storyboard in Resources */,
				2135B02A20D3B6AD0004C0BC /* Assets.xcassets in Resources */,
				2135B02820D3B6AB0004C0BC /* Main.storyboard in Resources */,
				210858AD20D625A1007EDB89 /* noImage.png in Resources */,
			);
			runOnlyForDeploymentPostprocessing = 0;
		};
/* End PBXResourcesBuildPhase section */

/* Begin PBXShellScriptBuildPhase section */
		27C62F58D69CE77D2C16B153 /* [CP] Check Pods Manifest.lock */ = {
			isa = PBXShellScriptBuildPhase;
			buildActionMask = 2147483647;
			files = (
			);
			inputPaths = (
				"${PODS_PODFILE_DIR_PATH}/Podfile.lock",
				"${PODS_ROOT}/Manifest.lock",
			);
			name = "[CP] Check Pods Manifest.lock";
			outputPaths = (
				"$(DERIVED_FILE_DIR)/Pods-GuruFind-checkManifestLockResult.txt",
			);
			runOnlyForDeploymentPostprocessing = 0;
			shellPath = /bin/sh;
			shellScript = "diff \"${PODS_PODFILE_DIR_PATH}/Podfile.lock\" \"${PODS_ROOT}/Manifest.lock\" > /dev/null\nif [ $? != 0 ] ; then\n    # print error to STDERR\n    echo \"error: The sandbox is not in sync with the Podfile.lock. Run 'pod install' or update your CocoaPods installation.\" >&2\n    exit 1\nfi\n# This output is used by Xcode 'outputs' to avoid re-running this script phase.\necho \"SUCCESS\" > \"${SCRIPT_OUTPUT_FILE_0}\"\n";
			showEnvVarsInLog = 0;
		};
		998C38AEE9B0F03478655643 /* [CP] Embed Pods Frameworks */ = {
			isa = PBXShellScriptBuildPhase;
			buildActionMask = 2147483647;
			files = (
			);
			inputPaths = (
				"${SRCROOT}/Pods/Target Support Files/Pods-GuruFind/Pods-GuruFind-frameworks.sh",
				"${BUILT_PRODUCTS_DIR}/Alamofire/Alamofire.framework",
				"${BUILT_PRODUCTS_DIR}/AlamofireImage/AlamofireImage.framework",
				"${BUILT_PRODUCTS_DIR}/SwiftyJSON/SwiftyJSON.framework",
			);
			name = "[CP] Embed Pods Frameworks";
			outputPaths = (
				"${TARGET_BUILD_DIR}/${FRAMEWORKS_FOLDER_PATH}/Alamofire.framework",
				"${TARGET_BUILD_DIR}/${FRAMEWORKS_FOLDER_PATH}/AlamofireImage.framework",
				"${TARGET_BUILD_DIR}/${FRAMEWORKS_FOLDER_PATH}/SwiftyJSON.framework",
			);
			runOnlyForDeploymentPostprocessing = 0;
			shellPath = /bin/sh;
			shellScript = "\"${SRCROOT}/Pods/Target Support Files/Pods-GuruFind/Pods-GuruFind-frameworks.sh\"\n";
			showEnvVarsInLog = 0;
		};
/* End PBXShellScriptBuildPhase section */

/* Begin PBXSourcesBuildPhase section */
		2135B01B20D3B6AB0004C0BC /* Sources */ = {
			isa = PBXSourcesBuildPhase;
			buildActionMask = 2147483647;
			files = (
				210858B120D641C9007EDB89 /* Structs.swift in Sources */,
				2135B02520D3B6AB0004C0BC /* ViewController.swift in Sources */,
				210858AB20D623D5007EDB89 /* TableViewCell.swift in Sources */,
				210858AF20D6281E007EDB89 /* DetailViewController.swift in Sources */,
				210858A920D62337007EDB89 /* TableViewController.swift in Sources */,
				2135B02320D3B6AB0004C0BC /* AppDelegate.swift in Sources */,
			);
			runOnlyForDeploymentPostprocessing = 0;
		};
/* End PBXSourcesBuildPhase section */

/* Begin PBXVariantGroup section */
		2135B02620D3B6AB0004C0BC /* Main.storyboard */ = {
			isa = PBXVariantGroup;
			children = (
				2135B02720D3B6AB0004C0BC /* Base */,
			);
			name = Main.storyboard;
			sourceTree = "<group>";
		};
		2135B02B20D3B6AD0004C0BC /* LaunchScreen.storyboard */ = {
			isa = PBXVariantGroup;
			children = (
				2135B02C20D3B6AD0004C0BC /* Base */,
			);
			name = LaunchScreen.storyboard;
			sourceTree = "<group>";
		};
/* End PBXVariantGroup section */

/* Begin XCBuildConfiguration section */
		2135B02F20D3B6AD0004C0BC /* Debug */ = {
			isa = XCBuildConfiguration;
			buildSettings = {
				ALWAYS_SEARCH_USER_PATHS = NO;
				CLANG_ANALYZER_NONNULL = YES;
				CLANG_ANALYZER_NUMBER_OBJECT_CONVERSION = YES_AGGRESSIVE;
				CLANG_CXX_LANGUAGE_STANDARD = "gnu++14";
				CLANG_CXX_LIBRARY = "libc++";
				CLANG_ENABLE_MODULES = YES;
				CLANG_ENABLE_OBJC_ARC = YES;
				CLANG_ENABLE_OBJC_WEAK = YES;
				CLANG_WARN_BLOCK_CAPTURE_AUTORELEASING = YES;
				CLANG_WARN_BOOL_CONVERSION = YES;
				CLANG_WARN_COMMA = YES;
				CLANG_WARN_CONSTANT_CONVERSION = YES;
				CLANG_WARN_DEPRECATED_OBJC_IMPLEMENTATIONS = YES;
				CLANG_WARN_DIRECT_OBJC_ISA_USAGE = YES_ERROR;
				CLANG_WARN_DOCUMENTATION_COMMENTS = YES;
				CLANG_WARN_EMPTY_BODY = YES;
				CLANG_WARN_ENUM_CONVERSION = YES;
				CLANG_WARN_INFINITE_RECURSION = YES;
				CLANG_WARN_INT_CONVERSION = YES;
				CLANG_WARN_NON_LITERAL_NULL_CONVERSION = YES;
				CLANG_WARN_OBJC_IMPLICIT_RETAIN_SELF = YES;
				CLANG_WARN_OBJC_LITERAL_CONVERSION = YES;
				CLANG_WARN_OBJC_ROOT_CLASS = YES_ERROR;
				CLANG_WARN_RANGE_LOOP_ANALYSIS = YES;
				CLANG_WARN_STRICT_PROTOTYPES = YES;
				CLANG_WARN_SUSPICIOUS_MOVE = YES;
				CLANG_WARN_UNGUARDED_AVAILABILITY = YES_AGGRESSIVE;
				CLANG_WARN_UNREACHABLE_CODE = YES;
				CLANG_WARN__DUPLICATE_METHOD_MATCH = YES;
				CODE_SIGN_IDENTITY = "iPhone Developer";
				COPY_PHASE_STRIP = NO;
				DEBUG_INFORMATION_FORMAT = dwarf;
				ENABLE_STRICT_OBJC_MSGSEND = YES;
				ENABLE_TESTABILITY = YES;
				GCC_C_LANGUAGE_STANDARD = gnu11;
				GCC_DYNAMIC_NO_PIC = NO;
				GCC_NO_COMMON_BLOCKS = YES;
				GCC_OPTIMIZATION_LEVEL = 0;
				GCC_PREPROCESSOR_DEFINITIONS = (
					"DEBUG=1",
					"$(inherited)",
				);
				GCC_WARN_64_TO_32_BIT_CONVERSION = YES;
				GCC_WARN_ABOUT_RETURN_TYPE = YES_ERROR;
				GCC_WARN_UNDECLARED_SELECTOR = YES;
				GCC_WARN_UNINITIALIZED_AUTOS = YES_AGGRESSIVE;
				GCC_WARN_UNUSED_FUNCTION = YES;
				GCC_WARN_UNUSED_VARIABLE = YES;
				IPHONEOS_DEPLOYMENT_TARGET = 11.4;
				MTL_ENABLE_DEBUG_INFO = YES;
				ONLY_ACTIVE_ARCH = YES;
				SDKROOT = iphoneos;
				SWIFT_ACTIVE_COMPILATION_CONDITIONS = DEBUG;
				SWIFT_OPTIMIZATION_LEVEL = "-Onone";
			};
			name = Debug;
		};
		2135B03020D3B6AD0004C0BC /* Release */ = {
			isa = XCBuildConfiguration;
			buildSettings = {
				ALWAYS_SEARCH_USER_PATHS = NO;
				CLANG_ANALYZER_NONNULL = YES;
				CLANG_ANALYZER_NUMBER_OBJECT_CONVERSION = YES_AGGRESSIVE;
				CLANG_CXX_LANGUAGE_STANDARD = "gnu++14";
				CLANG_CXX_LIBRARY = "libc++";
				CLANG_ENABLE_MODULES = YES;
				CLANG_ENABLE_OBJC_ARC = YES;
				CLANG_ENABLE_OBJC_WEAK = YES;
				CLANG_WARN_BLOCK_CAPTURE_AUTORELEASING = YES;
				CLANG_WARN_BOOL_CONVERSION = YES;
				CLANG_WARN_COMMA = YES;
				CLANG_WARN_CONSTANT_CONVERSION = YES;
				CLANG_WARN_DEPRECATED_OBJC_IMPLEMENTATIONS = YES;
				CLANG_WARN_DIRECT_OBJC_ISA_USAGE = YES_ERROR;
				CLANG_WARN_DOCUMENTATION_COMMENTS = YES;
				CLANG_WARN_EMPTY_BODY = YES;
				CLANG_WARN_ENUM_CONVERSION = YES;
				CLANG_WARN_INFINITE_RECURSION = YES;
				CLANG_WARN_INT_CONVERSION = YES;
				CLANG_WARN_NON_LITERAL_NULL_CONVERSION = YES;
				CLANG_WARN_OBJC_IMPLICIT_RETAIN_SELF = YES;
				CLANG_WARN_OBJC_LITERAL_CONVERSION = YES;
				CLANG_WARN_OBJC_ROOT_CLASS = YES_ERROR;
				CLANG_WARN_RANGE_LOOP_ANALYSIS = YES;
				CLANG_WARN_STRICT_PROTOTYPES = YES;
				CLANG_WARN_SUSPICIOUS_MOVE = YES;
				CLANG_WARN_UNGUARDED_AVAILABILITY = YES_AGGRESSIVE;
				CLANG_WARN_UNREACHABLE_CODE = YES;
				CLANG_WARN__DUPLICATE_METHOD_MATCH = YES;
				CODE_SIGN_IDENTITY = "iPhone Developer";
				COPY_PHASE_STRIP = NO;
				DEBUG_INFORMATION_FORMAT = "dwarf-with-dsym";
				ENABLE_NS_ASSERTIONS = NO;
				ENABLE_STRICT_OBJC_MSGSEND = YES;
				GCC_C_LANGUAGE_STANDARD = gnu11;
				GCC_NO_COMMON_BLOCKS = YES;
				GCC_WARN_64_TO_32_BIT_CONVERSION = YES;
				GCC_WARN_ABOUT_RETURN_TYPE = YES_ERROR;
				GCC_WARN_UNDECLARED_SELECTOR = YES;
				GCC_WARN_UNINITIALIZED_AUTOS = YES_AGGRESSIVE;
				GCC_WARN_UNUSED_FUNCTION = YES;
				GCC_WARN_UNUSED_VARIABLE = YES;
				IPHONEOS_DEPLOYMENT_TARGET = 11.4;
				MTL_ENABLE_DEBUG_INFO = NO;
				SDKROOT = iphoneos;
				SWIFT_COMPILATION_MODE = wholemodule;
				SWIFT_OPTIMIZATION_LEVEL = "-O";
				VALIDATE_PRODUCT = YES;
			};
			name = Release;
		};
		2135B03220D3B6AD0004C0BC /* Debug */ = {
			isa = XCBuildConfiguration;
			baseConfigurationReference = 262BC4FF79C465C1DD80992C /* Pods-GuruFind.debug.xcconfig */;
			buildSettings = {
				ASSETCATALOG_COMPILER_APPICON_NAME = AppIcon;
				CODE_SIGN_STYLE = Automatic;
				DEVELOPMENT_TEAM = H9T7E6YV3C;
				INFOPLIST_FILE = GuruFind/Info.plist;
				LD_RUNPATH_SEARCH_PATHS = (
					"$(inherited)",
					"@executable_path/Frameworks",
				);
				PRODUCT_BUNDLE_IDENTIFIER = KosukeNishimura.com.GuruFind;
				PRODUCT_NAME = "$(TARGET_NAME)";
				SWIFT_VERSION = 4.0;
				TARGETED_DEVICE_FAMILY = "1,2";
			};
			name = Debug;
		};
		2135B03320D3B6AD0004C0BC /* Release */ = {
			isa = XCBuildConfiguration;
			baseConfigurationReference = 3B12649EA74623A628545F2B /* Pods-GuruFind.release.xcconfig */;
			buildSettings = {
				ASSETCATALOG_COMPILER_APPICON_NAME = AppIcon;
				CODE_SIGN_STYLE = Automatic;
				DEVELOPMENT_TEAM = H9T7E6YV3C;
				INFOPLIST_FILE = GuruFind/Info.plist;
				LD_RUNPATH_SEARCH_PATHS = (
					"$(inherited)",
					"@executable_path/Frameworks",
				);
				PRODUCT_BUNDLE_IDENTIFIER = KosukeNishimura.com.GuruFind;
				PRODUCT_NAME = "$(TARGET_NAME)";
				SWIFT_VERSION = 4.0;
				TARGETED_DEVICE_FAMILY = "1,2";
			};
			name = Release;
		};
/* End XCBuildConfiguration section */

/* Begin XCConfigurationList section */
		2135B01A20D3B6AB0004C0BC /* Build configuration list for PBXProject "GuruFind" */ = {
			isa = XCConfigurationList;
			buildConfigurations = (
				2135B02F20D3B6AD0004C0BC /* Debug */,
				2135B03020D3B6AD0004C0BC /* Release */,
			);
			defaultConfigurationIsVisible = 0;
			defaultConfigurationName = Release;
		};
		2135B03120D3B6AD0004C0BC /* Build configuration list for PBXNativeTarget "GuruFind" */ = {
			isa = XCConfigurationList;
			buildConfigurations = (
				2135B03220D3B6AD0004C0BC /* Debug */,
				2135B03320D3B6AD0004C0BC /* Release */,
			);
			defaultConfigurationIsVisible = 0;
			defaultConfigurationName = Release;
		};
/* End XCConfigurationList section */
	};
	rootObject = 2135B01720D3B6AB0004C0BC /* Project object */;
}
